
Microsoft Visual Studio Solution File, Format Version 12.00
# Visual Studio 15
VisualStudioVersion = 15.0.27130.2027
MinimumVisualStudioVersion = 10.0.40219.1
Project("{9A19103F-16F7-4668-BE54-9A1E7A4F7556}") = "01Shapes", "01Shapes\01Shapes.csproj", "{1F99E944-16E6-4B8C-A525-A5F12090BFCA}"
EndProject
Project("{FAE04EC0-301F-11D3-BF4B-00C04F79EFBC}") = "02Cars", "02Cars\02Cars.csproj", "{FB958A1B-9E80-42A8-805B-EA7E244448EF}"
EndProject
Global
	GlobalSection(SolutionConfigurationPlatforms) = preSolution
		Debug|Any CPU = Debug|Any CPU
		Release|Any CPU = Release|Any CPU
	EndGlobalSection
	GlobalSection(ProjectConfigurationPlatforms) = postSolution
		{1F99E944-16E6-4B8C-A525-A5F12090BFCA}.Debug|Any CPU.ActiveCfg = Debug|Any CPU
		{1F99E944-16E6-4B8C-A525-A5F12090BFCA}.Debug|Any CPU.Build.0 = Debug|Any CPU
		{1F99E944-16E6-4B8C-A525-A5F12090BFCA}.Release|Any CPU.ActiveCfg = Release|Any CPU
		{1F99E944-16E6-4B8C-A525-A5F12090BFCA}.Release|Any CPU.Build.0 = Release|Any CPU
		{FB958A1B-9E80-42A8-805B-EA7E244448EF}.Debug|Any CPU.ActiveCfg = Debug|Any CPU
		{FB958A1B-9E80-42A8-805B-EA7E244448EF}.Debug|Any CPU.Build.0 = Debug|Any CPU
		{FB958A1B-9E80-42A8-805B-EA7E244448EF}.Release|Any CPU.ActiveCfg = Release|Any CPU
		{FB958A1B-9E80-42A8-805B-EA7E244448EF}.Release|Any CPU.Build.0 = Release|Any CPU
	EndGlobalSection
	GlobalSection(SolutionProperties) = preSolution
		HideSolutionNode = FALSE
	EndGlobalSection
	GlobalSection(ExtensibilityGlobals) = postSolution
		SolutionGuid = {975586D1-809C-408F-82C0-4C6CF806ADB6}
	EndGlobalSection
EndGlobal
