
Microsoft Visual Studio Solution File, Format Version 12.00
# Visual Studio 15
VisualStudioVersion = 15.0.27130.2027
MinimumVisualStudioVersion = 10.0.40219.1
Project("{FAE04EC0-301F-11D3-BF4B-00C04F79EFBC}") = "01EventImplementation", "01EventImplementation\01EventImplementation.csproj", "{6086B0E7-6F10-4E00-ADCE-BB805FCC2411}"
EndProject
Project("{FAE04EC0-301F-11D3-BF4B-00C04F79EFBC}") = "02KingsGambit", "02KingsGambit\02KingsGambit.csproj", "{C34A28E2-AF7F-43A2-80C7-34F8A3964E5A}"
EndProject
Project("{FAE04EC0-301F-11D3-BF4B-00C04F79EFBC}") = "03DependencyInversion", "03DependencyInversion\03DependencyInversion.csproj", "{F706F4A0-098C-48B1-B071-368B97053D43}"
EndProject
Project("{FAE04EC0-301F-11D3-BF4B-00C04F79EFBC}") = "04WorkForce", "04WorkForce\04WorkForce.csproj", "{102824CB-40A3-420B-A50B-BC0CFC735E2B}"
EndProject
Project("{FAE04EC0-301F-11D3-BF4B-00C04F79EFBC}") = "05KingsGambitExtended", "05KingsGambitExtended\05KingsGambitExtended.csproj", "{14C16FD9-F288-49B7-B642-8E3AE4002E82}"
EndProject
Global
	GlobalSection(SolutionConfigurationPlatforms) = preSolution
		Debug|Any CPU = Debug|Any CPU
		Release|Any CPU = Release|Any CPU
	EndGlobalSection
	GlobalSection(ProjectConfigurationPlatforms) = postSolution
		{6086B0E7-6F10-4E00-ADCE-BB805FCC2411}.Debug|Any CPU.ActiveCfg = Debug|Any CPU
		{6086B0E7-6F10-4E00-ADCE-BB805FCC2411}.Debug|Any CPU.Build.0 = Debug|Any CPU
		{6086B0E7-6F10-4E00-ADCE-BB805FCC2411}.Release|Any CPU.ActiveCfg = Release|Any CPU
		{6086B0E7-6F10-4E00-ADCE-BB805FCC2411}.Release|Any CPU.Build.0 = Release|Any CPU
		{C34A28E2-AF7F-43A2-80C7-34F8A3964E5A}.Debug|Any CPU.ActiveCfg = Debug|Any CPU
		{C34A28E2-AF7F-43A2-80C7-34F8A3964E5A}.Debug|Any CPU.Build.0 = Debug|Any CPU
		{C34A28E2-AF7F-43A2-80C7-34F8A3964E5A}.Release|Any CPU.ActiveCfg = Release|Any CPU
		{C34A28E2-AF7F-43A2-80C7-34F8A3964E5A}.Release|Any CPU.Build.0 = Release|Any CPU
		{F706F4A0-098C-48B1-B071-368B97053D43}.Debug|Any CPU.ActiveCfg = Debug|Any CPU
		{F706F4A0-098C-48B1-B071-368B97053D43}.Debug|Any CPU.Build.0 = Debug|Any CPU
		{F706F4A0-098C-48B1-B071-368B97053D43}.Release|Any CPU.ActiveCfg = Release|Any CPU
		{F706F4A0-098C-48B1-B071-368B97053D43}.Release|Any CPU.Build.0 = Release|Any CPU
		{102824CB-40A3-420B-A50B-BC0CFC735E2B}.Debug|Any CPU.ActiveCfg = Debug|Any CPU
		{102824CB-40A3-420B-A50B-BC0CFC735E2B}.Debug|Any CPU.Build.0 = Debug|Any CPU
		{102824CB-40A3-420B-A50B-BC0CFC735E2B}.Release|Any CPU.ActiveCfg = Release|Any CPU
		{102824CB-40A3-420B-A50B-BC0CFC735E2B}.Release|Any CPU.Build.0 = Release|Any CPU
		{14C16FD9-F288-49B7-B642-8E3AE4002E82}.Debug|Any CPU.ActiveCfg = Debug|Any CPU
		{14C16FD9-F288-49B7-B642-8E3AE4002E82}.Debug|Any CPU.Build.0 = Debug|Any CPU
		{14C16FD9-F288-49B7-B642-8E3AE4002E82}.Release|Any CPU.ActiveCfg = Release|Any CPU
		{14C16FD9-F288-49B7-B642-8E3AE4002E82}.Release|Any CPU.Build.0 = Release|Any CPU
	EndGlobalSection
	GlobalSection(SolutionProperties) = preSolution
		HideSolutionNode = FALSE
	EndGlobalSection
	GlobalSection(ExtensibilityGlobals) = postSolution
		SolutionGuid = {28EBB144-0832-4006-9A6F-9FCA3BCE2E29}
	EndGlobalSection
EndGlobal
