
Microsoft Visual Studio Solution File, Format Version 12.00
# Visual Studio 15
VisualStudioVersion = 15.0.27130.2027
MinimumVisualStudioVersion = 10.0.40219.1
Project("{FAE04EC0-301F-11D3-BF4B-00C04F79EFBC}") = "01BankAccount", "01BankAccount\01BankAccount.csproj", "{6FD3013A-6D98-4335-B932-D3F65681F5BA}"
EndProject
Project("{FAE04EC0-301F-11D3-BF4B-00C04F79EFBC}") = "02BankAccountMethods", "02BankAccountMethods\02BankAccountMethods.csproj", "{C012AE9F-1604-413F-B60D-AAC7EC289CE4}"
EndProject
Project("{FAE04EC0-301F-11D3-BF4B-00C04F79EFBC}") = "03TestClient", "03TestClient\03TestClient.csproj", "{23A14933-E1CF-4967-93B9-752D0303C723}"
EndProject
Project("{FAE04EC0-301F-11D3-BF4B-00C04F79EFBC}") = "04PersonClass", "04PersonClass\04PersonClass.csproj", "{ABF04A36-E0BA-45CD-831A-044F7FE44D6F}"
EndProject
Global
	GlobalSection(SolutionConfigurationPlatforms) = preSolution
		Debug|Any CPU = Debug|Any CPU
		Release|Any CPU = Release|Any CPU
	EndGlobalSection
	GlobalSection(ProjectConfigurationPlatforms) = postSolution
		{6FD3013A-6D98-4335-B932-D3F65681F5BA}.Debug|Any CPU.ActiveCfg = Debug|Any CPU
		{6FD3013A-6D98-4335-B932-D3F65681F5BA}.Debug|Any CPU.Build.0 = Debug|Any CPU
		{6FD3013A-6D98-4335-B932-D3F65681F5BA}.Release|Any CPU.ActiveCfg = Release|Any CPU
		{6FD3013A-6D98-4335-B932-D3F65681F5BA}.Release|Any CPU.Build.0 = Release|Any CPU
		{C012AE9F-1604-413F-B60D-AAC7EC289CE4}.Debug|Any CPU.ActiveCfg = Debug|Any CPU
		{C012AE9F-1604-413F-B60D-AAC7EC289CE4}.Debug|Any CPU.Build.0 = Debug|Any CPU
		{C012AE9F-1604-413F-B60D-AAC7EC289CE4}.Release|Any CPU.ActiveCfg = Release|Any CPU
		{C012AE9F-1604-413F-B60D-AAC7EC289CE4}.Release|Any CPU.Build.0 = Release|Any CPU
		{23A14933-E1CF-4967-93B9-752D0303C723}.Debug|Any CPU.ActiveCfg = Debug|Any CPU
		{23A14933-E1CF-4967-93B9-752D0303C723}.Debug|Any CPU.Build.0 = Debug|Any CPU
		{23A14933-E1CF-4967-93B9-752D0303C723}.Release|Any CPU.ActiveCfg = Release|Any CPU
		{23A14933-E1CF-4967-93B9-752D0303C723}.Release|Any CPU.Build.0 = Release|Any CPU
		{ABF04A36-E0BA-45CD-831A-044F7FE44D6F}.Debug|Any CPU.ActiveCfg = Debug|Any CPU
		{ABF04A36-E0BA-45CD-831A-044F7FE44D6F}.Debug|Any CPU.Build.0 = Debug|Any CPU
		{ABF04A36-E0BA-45CD-831A-044F7FE44D6F}.Release|Any CPU.ActiveCfg = Release|Any CPU
		{ABF04A36-E0BA-45CD-831A-044F7FE44D6F}.Release|Any CPU.Build.0 = Release|Any CPU
	EndGlobalSection
	GlobalSection(SolutionProperties) = preSolution
		HideSolutionNode = FALSE
	EndGlobalSection
	GlobalSection(ExtensibilityGlobals) = postSolution
		SolutionGuid = {77308AD2-C4C6-4EC4-A74B-D126D9EC88EB}
	EndGlobalSection
EndGlobal
