
Microsoft Visual Studio Solution File, Format Version 12.00
# Visual Studio 15
VisualStudioVersion = 15.0.27130.2027
MinimumVisualStudioVersion = 10.0.40219.1
Project("{9A19103F-16F7-4668-BE54-9A1E7A4F7556}") = "BashSoft", "BashSoft\BashSoft.csproj", "{9153CDDF-39BB-4A31-AC47-030521AD1439}"
EndProject
Project("{FAE04EC0-301F-11D3-BF4B-00C04F79EFBC}") = "SimpleJudge", "SimpleJudge\SimpleJudge.csproj", "{F3F70929-9115-4423-A880-ED68902F74E3}"
EndProject
Global
	GlobalSection(SolutionConfigurationPlatforms) = preSolution
		Debug|Any CPU = Debug|Any CPU
		Release|Any CPU = Release|Any CPU
	EndGlobalSection
	GlobalSection(ProjectConfigurationPlatforms) = postSolution
		{9153CDDF-39BB-4A31-AC47-030521AD1439}.Debug|Any CPU.ActiveCfg = Debug|Any CPU
		{9153CDDF-39BB-4A31-AC47-030521AD1439}.Debug|Any CPU.Build.0 = Debug|Any CPU
		{9153CDDF-39BB-4A31-AC47-030521AD1439}.Release|Any CPU.ActiveCfg = Release|Any CPU
		{9153CDDF-39BB-4A31-AC47-030521AD1439}.Release|Any CPU.Build.0 = Release|Any CPU
		{F3F70929-9115-4423-A880-ED68902F74E3}.Debug|Any CPU.ActiveCfg = Debug|Any CPU
		{F3F70929-9115-4423-A880-ED68902F74E3}.Debug|Any CPU.Build.0 = Debug|Any CPU
		{F3F70929-9115-4423-A880-ED68902F74E3}.Release|Any CPU.ActiveCfg = Release|Any CPU
		{F3F70929-9115-4423-A880-ED68902F74E3}.Release|Any CPU.Build.0 = Release|Any CPU
	EndGlobalSection
	GlobalSection(SolutionProperties) = preSolution
		HideSolutionNode = FALSE
	EndGlobalSection
	GlobalSection(ExtensibilityGlobals) = postSolution
		SolutionGuid = {C33B70FA-EB61-426A-956D-F30F3635FA73}
	EndGlobalSection
EndGlobal
