
Microsoft Visual Studio Solution File, Format Version 12.00
# Visual Studio 15
VisualStudioVersion = 15.0.27130.2027
MinimumVisualStudioVersion = 10.0.40219.1
Project("{FAE04EC0-301F-11D3-BF4B-00C04F79EFBC}") = "MusicShopManager", "..\..\..\Desktop\SoftUni\Exams\CSharpFundamentals.OOPBasicsExams\ExamOOPBasics19I2015\MusicShopManager-Skeleton\MusicShopManager\MusicShopManager.csproj", "{3EB693A7-A776-4D52-9041-9C4A9D1BCBE2}"
EndProject
Project("{FAE04EC0-301F-11D3-BF4B-00C04F79EFBC}") = "MyTunesShop", "..\..\..\Desktop\SoftUni\Exams\CSharpFundamentals.OOPBasicsExams\ExamOOPBasics19I2015\MyTunesShop-Skeleton\MyTunesShop\MyTunesShop.csproj", "{8719EA82-DFF4-4154-9119-0AEBA2EF601B}"
EndProject
Global
	GlobalSection(SolutionConfigurationPlatforms) = preSolution
		Debug|Any CPU = Debug|Any CPU
		Release|Any CPU = Release|Any CPU
	EndGlobalSection
	GlobalSection(ProjectConfigurationPlatforms) = postSolution
		{3EB693A7-A776-4D52-9041-9C4A9D1BCBE2}.Debug|Any CPU.ActiveCfg = Debug|Any CPU
		{3EB693A7-A776-4D52-9041-9C4A9D1BCBE2}.Debug|Any CPU.Build.0 = Debug|Any CPU
		{3EB693A7-A776-4D52-9041-9C4A9D1BCBE2}.Release|Any CPU.ActiveCfg = Release|Any CPU
		{3EB693A7-A776-4D52-9041-9C4A9D1BCBE2}.Release|Any CPU.Build.0 = Release|Any CPU
		{8719EA82-DFF4-4154-9119-0AEBA2EF601B}.Debug|Any CPU.ActiveCfg = Debug|Any CPU
		{8719EA82-DFF4-4154-9119-0AEBA2EF601B}.Debug|Any CPU.Build.0 = Debug|Any CPU
		{8719EA82-DFF4-4154-9119-0AEBA2EF601B}.Release|Any CPU.ActiveCfg = Release|Any CPU
		{8719EA82-DFF4-4154-9119-0AEBA2EF601B}.Release|Any CPU.Build.0 = Release|Any CPU
	EndGlobalSection
	GlobalSection(SolutionProperties) = preSolution
		HideSolutionNode = FALSE
	EndGlobalSection
	GlobalSection(ExtensibilityGlobals) = postSolution
		SolutionGuid = {76D5ADE1-30CA-489D-B711-64C1838E1645}
	EndGlobalSection
EndGlobal
